
Microsoft Visual Studio Solution File, Format Version 12.00
# Visual Studio Version 17
VisualStudioVersion = 17.3.32929.385
MinimumVisualStudioVersion = 10.0.40219.1
Project("{FAE04EC0-301F-11D3-BF4B-00C04F79EFBC}") = "CKK.Logic", "CKK.Logic\CKK.Logic.csproj", "{812DE238-EF4A-45DA-B80D-A7EAF61113BF}"
EndProject
Global
	GlobalSection(SolutionConfigurationPlatforms) = preSolution
		Debug|Any CPU = Debug|Any CPU
		Release|Any CPU = Release|Any CPU
	EndGlobalSection
	GlobalSection(ProjectConfigurationPlatforms) = postSolution
		{812DE238-EF4A-45DA-B80D-A7EAF61113BF}.Debug|Any CPU.ActiveCfg = Debug|Any CPU
		{812DE238-EF4A-45DA-B80D-A7EAF61113BF}.Debug|Any CPU.Build.0 = Debug|Any CPU
		{812DE238-EF4A-45DA-B80D-A7EAF61113BF}.Release|Any CPU.ActiveCfg = Release|Any CPU
		{812DE238-EF4A-45DA-B80D-A7EAF61113BF}.Release|Any CPU.Build.0 = Release|Any CPU
	EndGlobalSection
	GlobalSection(SolutionProperties) = preSolution
		HideSolutionNode = FALSE
	EndGlobalSection
	GlobalSection(ExtensibilityGlobals) = postSolution
		SolutionGuid = {7AA67F71-4DD7-425A-AE20-517E5D5706B7}
	EndGlobalSection
EndGlobal
